
Microsoft Visual Studio Solution File, Format Version 12.00
# Visual Studio Version 17
VisualStudioVersion = 17.4.33213.308
MinimumVisualStudioVersion = 10.0.40219.1
Project("{FAE04EC0-301F-11D3-BF4B-00C04F79EFBC}") = "ComboBox", "ComboBox\ComboBox.csproj", "{CE00E870-4AE5-4394-B541-9901D7D2B239}"
EndProject
Global
	GlobalSection(SolutionConfigurationPlatforms) = preSolution
		Debug|Any CPU = Debug|Any CPU
		Release|Any CPU = Release|Any CPU
	EndGlobalSection
	GlobalSection(ProjectConfigurationPlatforms) = postSolution
		{CE00E870-4AE5-4394-B541-9901D7D2B239}.Debug|Any CPU.ActiveCfg = Debug|Any CPU
		{CE00E870-4AE5-4394-B541-9901D7D2B239}.Debug|Any CPU.Build.0 = Debug|Any CPU
		{CE00E870-4AE5-4394-B541-9901D7D2B239}.Release|Any CPU.ActiveCfg = Release|Any CPU
		{CE00E870-4AE5-4394-B541-9901D7D2B239}.Release|Any CPU.Build.0 = Release|Any CPU
	EndGlobalSection
	GlobalSection(SolutionProperties) = preSolution
		HideSolutionNode = FALSE
	EndGlobalSection
	GlobalSection(ExtensibilityGlobals) = postSolution
		SolutionGuid = {86F1113C-4614-4992-BCD6-3142741B21C4}
	EndGlobalSection
EndGlobal
